
Microsoft Visual Studio Solution File, Format Version 12.00
# Visual Studio Version 17
VisualStudioVersion = 17.4.33213.308
MinimumVisualStudioVersion = 10.0.40219.1
Project("{FAE04EC0-301F-11D3-BF4B-00C04F79EFBC}") = "RestSharpAPITests", "RestSharpAPITests\RestSharpAPITests.csproj", "{452A4FA4-5DAF-461B-9344-B7A4B4D8A870}"
EndProject
Global
	GlobalSection(SolutionConfigurationPlatforms) = preSolution
		Debug|Any CPU = Debug|Any CPU
		Release|Any CPU = Release|Any CPU
	EndGlobalSection
	GlobalSection(ProjectConfigurationPlatforms) = postSolution
		{452A4FA4-5DAF-461B-9344-B7A4B4D8A870}.Debug|Any CPU.ActiveCfg = Debug|Any CPU
		{452A4FA4-5DAF-461B-9344-B7A4B4D8A870}.Debug|Any CPU.Build.0 = Debug|Any CPU
		{452A4FA4-5DAF-461B-9344-B7A4B4D8A870}.Release|Any CPU.ActiveCfg = Release|Any CPU
		{452A4FA4-5DAF-461B-9344-B7A4B4D8A870}.Release|Any CPU.Build.0 = Release|Any CPU
	EndGlobalSection
	GlobalSection(SolutionProperties) = preSolution
		HideSolutionNode = FALSE
	EndGlobalSection
	GlobalSection(ExtensibilityGlobals) = postSolution
		SolutionGuid = {D5BCEF0C-E7F2-420C-BF6F-4CA996FEF6E7}
	EndGlobalSection
EndGlobal
